
Microsoft Visual Studio Solution File, Format Version 12.00
# Visual Studio Version 16
VisualStudioVersion = 16.0.31424.327
MinimumVisualStudioVersion = 10.0.40219.1
Project("{FAE04EC0-301F-11D3-BF4B-00C04F79EFBC}") = "gitMoanso", "gitMoanso.csproj", "{FF93E61A-4957-459C-9445-D14474EB57CD}"
EndProject
Global
	GlobalSection(SolutionConfigurationPlatforms) = preSolution
		Debug|Any CPU = Debug|Any CPU
		Release|Any CPU = Release|Any CPU
	EndGlobalSection
	GlobalSection(ProjectConfigurationPlatforms) = postSolution
		{FF93E61A-4957-459C-9445-D14474EB57CD}.Debug|Any CPU.ActiveCfg = Debug|Any CPU
		{FF93E61A-4957-459C-9445-D14474EB57CD}.Debug|Any CPU.Build.0 = Debug|Any CPU
		{FF93E61A-4957-459C-9445-D14474EB57CD}.Release|Any CPU.ActiveCfg = Release|Any CPU
		{FF93E61A-4957-459C-9445-D14474EB57CD}.Release|Any CPU.Build.0 = Release|Any CPU
	EndGlobalSection
	GlobalSection(SolutionProperties) = preSolution
		HideSolutionNode = FALSE
	EndGlobalSection
	GlobalSection(ExtensibilityGlobals) = postSolution
		SolutionGuid = {2FCF4290-16B8-42F1-BCD1-C9DAF2FA87C0}
	EndGlobalSection
EndGlobal
